
Microsoft Visual Studio Solution File, Format Version 12.00
# Visual Studio Version 17
VisualStudioVersion = 17.0.32126.317
MinimumVisualStudioVersion = 10.0.40219.1
Project("{9A19103F-16F7-4668-BE54-9A1E7A4F7556}") = "Exam.Data", "Exam.Data\Exam.Data.csproj", "{7BFB644B-0C46-455F-A69E-8D1263FC0BF7}"
EndProject
Project("{9A19103F-16F7-4668-BE54-9A1E7A4F7556}") = "Exam.Services", "Exam.Services\Exam.Services.csproj", "{9701D251-B6DC-4AF2-B7A0-6F25E20832CF}"
EndProject
Project("{9A19103F-16F7-4668-BE54-9A1E7A4F7556}") = "Exam.Web", "Exam.Web\Exam.Web.csproj", "{9D53C0D7-F57E-408E-B36A-131C337C50D5}"
EndProject
Project("{FAE04EC0-301F-11D3-BF4B-00C04F79EFBC}") = "Exam.ViewModels", "Exam.ViewModels\Exam.ViewModels.csproj", "{87D9C0C5-896D-454E-9194-2DC9382EF44D}"
EndProject
Project("{FAE04EC0-301F-11D3-BF4B-00C04F79EFBC}") = "Exam.InputModels", "Exam.InputModels\Exam.InputModels.csproj", "{3F32A9F3-0B18-4F60-98B2-CE19A30E96B3}"
EndProject
Global
	GlobalSection(SolutionConfigurationPlatforms) = preSolution
		Debug|Any CPU = Debug|Any CPU
		Release|Any CPU = Release|Any CPU
	EndGlobalSection
	GlobalSection(ProjectConfigurationPlatforms) = postSolution
		{7BFB644B-0C46-455F-A69E-8D1263FC0BF7}.Debug|Any CPU.ActiveCfg = Debug|Any CPU
		{7BFB644B-0C46-455F-A69E-8D1263FC0BF7}.Debug|Any CPU.Build.0 = Debug|Any CPU
		{7BFB644B-0C46-455F-A69E-8D1263FC0BF7}.Release|Any CPU.ActiveCfg = Release|Any CPU
		{7BFB644B-0C46-455F-A69E-8D1263FC0BF7}.Release|Any CPU.Build.0 = Release|Any CPU
		{9701D251-B6DC-4AF2-B7A0-6F25E20832CF}.Debug|Any CPU.ActiveCfg = Debug|Any CPU
		{9701D251-B6DC-4AF2-B7A0-6F25E20832CF}.Debug|Any CPU.Build.0 = Debug|Any CPU
		{9701D251-B6DC-4AF2-B7A0-6F25E20832CF}.Release|Any CPU.ActiveCfg = Release|Any CPU
		{9701D251-B6DC-4AF2-B7A0-6F25E20832CF}.Release|Any CPU.Build.0 = Release|Any CPU
		{9D53C0D7-F57E-408E-B36A-131C337C50D5}.Debug|Any CPU.ActiveCfg = Debug|Any CPU
		{9D53C0D7-F57E-408E-B36A-131C337C50D5}.Debug|Any CPU.Build.0 = Debug|Any CPU
		{9D53C0D7-F57E-408E-B36A-131C337C50D5}.Release|Any CPU.ActiveCfg = Release|Any CPU
		{9D53C0D7-F57E-408E-B36A-131C337C50D5}.Release|Any CPU.Build.0 = Release|Any CPU
		{87D9C0C5-896D-454E-9194-2DC9382EF44D}.Debug|Any CPU.ActiveCfg = Debug|Any CPU
		{87D9C0C5-896D-454E-9194-2DC9382EF44D}.Debug|Any CPU.Build.0 = Debug|Any CPU
		{87D9C0C5-896D-454E-9194-2DC9382EF44D}.Release|Any CPU.ActiveCfg = Release|Any CPU
		{87D9C0C5-896D-454E-9194-2DC9382EF44D}.Release|Any CPU.Build.0 = Release|Any CPU
		{3F32A9F3-0B18-4F60-98B2-CE19A30E96B3}.Debug|Any CPU.ActiveCfg = Debug|Any CPU
		{3F32A9F3-0B18-4F60-98B2-CE19A30E96B3}.Debug|Any CPU.Build.0 = Debug|Any CPU
		{3F32A9F3-0B18-4F60-98B2-CE19A30E96B3}.Release|Any CPU.ActiveCfg = Release|Any CPU
		{3F32A9F3-0B18-4F60-98B2-CE19A30E96B3}.Release|Any CPU.Build.0 = Release|Any CPU
	EndGlobalSection
	GlobalSection(SolutionProperties) = preSolution
		HideSolutionNode = FALSE
	EndGlobalSection
	GlobalSection(ExtensibilityGlobals) = postSolution
		SolutionGuid = {A172C03F-196E-4344-A9AB-94EF5EE6BFE6}
	EndGlobalSection
EndGlobal
